
Microsoft Visual Studio Solution File, Format Version 12.00
# Visual Studio Version 16
VisualStudioVersion = 16.0.31321.278
MinimumVisualStudioVersion = 10.0.40219.1
Project("{FAE04EC0-301F-11D3-BF4B-00C04F79EFBC}") = "DSDiag", "DSDiag.csproj", "{0C164969-676E-488F-950A-A6E3BC743276}"
EndProject
Global
	GlobalSection(SolutionConfigurationPlatforms) = preSolution
		Debug|Any CPU = Debug|Any CPU
		Release|Any CPU = Release|Any CPU
	EndGlobalSection
	GlobalSection(ProjectConfigurationPlatforms) = postSolution
		{0C164969-676E-488F-950A-A6E3BC743276}.Debug|Any CPU.ActiveCfg = Debug|Any CPU
		{0C164969-676E-488F-950A-A6E3BC743276}.Debug|Any CPU.Build.0 = Debug|Any CPU
		{0C164969-676E-488F-950A-A6E3BC743276}.Release|Any CPU.ActiveCfg = Release|Any CPU
		{0C164969-676E-488F-950A-A6E3BC743276}.Release|Any CPU.Build.0 = Release|Any CPU
	EndGlobalSection
	GlobalSection(SolutionProperties) = preSolution
		HideSolutionNode = FALSE
	EndGlobalSection
	GlobalSection(ExtensibilityGlobals) = postSolution
		SolutionGuid = {A67B266D-98DA-4CA2-AF38-8BC09BC98FED}
	EndGlobalSection
EndGlobal
